
Microsoft Visual Studio Solution File, Format Version 12.00
# Visual Studio Version 16
VisualStudioVersion = 16.0.30711.63
MinimumVisualStudioVersion = 10.0.40219.1
Project("{FAE04EC0-301F-11D3-BF4B-00C04F79EFBC}") = "Demo01.UWP", "Demo01\Demo01.UWP\Demo01.UWP.csproj", "{0AE12CAD-8C3A-4775-B77B-60008A5FA71D}"
EndProject
Project("{FAE04EC0-301F-11D3-BF4B-00C04F79EFBC}") = "Demo01.Android", "Demo01\Demo01.Android\Demo01.Android.csproj", "{D32AA02B-AE5D-4101-9EAF-493C4E730145}"
EndProject
Project("{FAE04EC0-301F-11D3-BF4B-00C04F79EFBC}") = "Demo01.iOS", "Demo01\Demo01.iOS\Demo01.iOS.csproj", "{40DC9023-FF74-45A0-BA5D-916D59C93C18}"
EndProject
Project("{9A19103F-16F7-4668-BE54-9A1E7A4F7556}") = "Demo01", "Demo01\Demo01\Demo01.csproj", "{FB18BE6F-C71C-442E-9E2C-B540FDD4248A}"
EndProject
Project("{2150E333-8FDC-42A3-9474-1A3956D46DE8}") = "Demo 01", "Demo 01", "{A2F33E7B-EF76-41C1-A4F5-B9465144487C}"
EndProject
Project("{2150E333-8FDC-42A3-9474-1A3956D46DE8}") = "Solution Items", "Solution Items", "{3D309545-B1D8-4F28-8913-8D0C8A66B375}"
	ProjectSection(SolutionItems) = preProject
		Readme.txt = Readme.txt
	EndProjectSection
EndProject
Project("{2150E333-8FDC-42A3-9474-1A3956D46DE8}") = "Demo 02", "Demo 02", "{825C0DED-54C5-4C21-B4D9-674495BE576A}"
EndProject
Project("{FAE04EC0-301F-11D3-BF4B-00C04F79EFBC}") = "Demo02.UWP", "Demo02\Demo02.UWP\Demo02.UWP.csproj", "{AE7C005F-40B5-4D76-A149-928AD9B08D55}"
EndProject
Project("{FAE04EC0-301F-11D3-BF4B-00C04F79EFBC}") = "Demo02.Android", "Demo02\Demo02.Android\Demo02.Android.csproj", "{B8752A15-D13E-4422-A599-4FE9B9E57E10}"
EndProject
Project("{FAE04EC0-301F-11D3-BF4B-00C04F79EFBC}") = "Demo02.iOS", "Demo02\Demo02.iOS\Demo02.iOS.csproj", "{69511BC4-C8B9-4EE9-B21F-6D3D12E6673E}"
EndProject
Project("{9A19103F-16F7-4668-BE54-9A1E7A4F7556}") = "Demo02", "Demo02\Demo02\Demo02.csproj", "{B170E5F1-F3CF-40B6-B709-B75ED37E1943}"
EndProject
Project("{2150E333-8FDC-42A3-9474-1A3956D46DE8}") = "Demo 03", "Demo 03", "{071BB4AA-1C3F-4691-B801-1C01EEE9C3C9}"
EndProject
Project("{FAE04EC0-301F-11D3-BF4B-00C04F79EFBC}") = "Demo03.UWP", "Demo03\Demo03.UWP\Demo03.UWP.csproj", "{0C3066B8-7B8A-4CBE-A99E-71672A1F47F2}"
EndProject
Project("{FAE04EC0-301F-11D3-BF4B-00C04F79EFBC}") = "Demo03.Android", "Demo03\Demo03.Android\Demo03.Android.csproj", "{C8293958-C8CC-46D8-B7BD-DB0B6E9C5201}"
EndProject
Project("{FAE04EC0-301F-11D3-BF4B-00C04F79EFBC}") = "Demo03.iOS", "Demo03\Demo03.iOS\Demo03.iOS.csproj", "{567ACA5E-6D1F-4BC8-AFDB-78123D2271BF}"
EndProject
Project("{9A19103F-16F7-4668-BE54-9A1E7A4F7556}") = "Demo03", "Demo03\Demo03\Demo03.csproj", "{17371C45-E532-49E2-9B2C-4EEA345BD6E6}"
EndProject
Project("{2150E333-8FDC-42A3-9474-1A3956D46DE8}") = "Demo 04", "Demo 04", "{7968CE05-03D5-40F2-B43F-7B8E39C2457C}"
EndProject
Project("{FAE04EC0-301F-11D3-BF4B-00C04F79EFBC}") = "Demo04.UWP", "Demo04\Demo04.UWP\Demo04.UWP.csproj", "{FC066BFB-F1A6-4108-A78A-CF2435E741C6}"
EndProject
Project("{FAE04EC0-301F-11D3-BF4B-00C04F79EFBC}") = "Demo04.Android", "Demo04\Demo04.Android\Demo04.Android.csproj", "{B5F7849B-A8D4-4EAC-9F7F-D3A65C1197B0}"
EndProject
Project("{FAE04EC0-301F-11D3-BF4B-00C04F79EFBC}") = "Demo04.iOS", "Demo04\Demo04.iOS\Demo04.iOS.csproj", "{DB26BAA7-D268-42CF-B5AB-A6F50D7B60B3}"
EndProject
Project("{FAE04EC0-301F-11D3-BF4B-00C04F79EFBC}") = "Demo04", "Demo04\Demo04\Demo04.csproj", "{564C53A1-8EAE-4071-9B7B-19F58A8ABFF8}"
EndProject
Global
	GlobalSection(SolutionConfigurationPlatforms) = preSolution
		Debug|Any CPU = Debug|Any CPU
		Debug|ARM = Debug|ARM
		Debug|iPhone = Debug|iPhone
		Debug|iPhoneSimulator = Debug|iPhoneSimulator
		Debug|x64 = Debug|x64
		Debug|x86 = Debug|x86
		Release|Any CPU = Release|Any CPU
		Release|ARM = Release|ARM
		Release|iPhone = Release|iPhone
		Release|iPhoneSimulator = Release|iPhoneSimulator
		Release|x64 = Release|x64
		Release|x86 = Release|x86
	EndGlobalSection
	GlobalSection(ProjectConfigurationPlatforms) = postSolution
		{0AE12CAD-8C3A-4775-B77B-60008A5FA71D}.Debug|Any CPU.ActiveCfg = Debug|x86
		{0AE12CAD-8C3A-4775-B77B-60008A5FA71D}.Debug|Any CPU.Build.0 = Debug|x86
		{0AE12CAD-8C3A-4775-B77B-60008A5FA71D}.Debug|Any CPU.Deploy.0 = Debug|x86
		{0AE12CAD-8C3A-4775-B77B-60008A5FA71D}.Debug|ARM.ActiveCfg = Debug|ARM
		{0AE12CAD-8C3A-4775-B77B-60008A5FA71D}.Debug|ARM.Build.0 = Debug|ARM
		{0AE12CAD-8C3A-4775-B77B-60008A5FA71D}.Debug|ARM.Deploy.0 = Debug|ARM
		{0AE12CAD-8C3A-4775-B77B-60008A5FA71D}.Debug|iPhone.ActiveCfg = Debug|x86
		{0AE12CAD-8C3A-4775-B77B-60008A5FA71D}.Debug|iPhone.Build.0 = Debug|x86
		{0AE12CAD-8C3A-4775-B77B-60008A5FA71D}.Debug|iPhone.Deploy.0 = Debug|x86
		{0AE12CAD-8C3A-4775-B77B-60008A5FA71D}.Debug|iPhoneSimulator.ActiveCfg = Debug|x86
		{0AE12CAD-8C3A-4775-B77B-60008A5FA71D}.Debug|iPhoneSimulator.Build.0 = Debug|x86
		{0AE12CAD-8C3A-4775-B77B-60008A5FA71D}.Debug|iPhoneSimulator.Deploy.0 = Debug|x86
		{0AE12CAD-8C3A-4775-B77B-60008A5FA71D}.Debug|x64.ActiveCfg = Debug|x64
		{0AE12CAD-8C3A-4775-B77B-60008A5FA71D}.Debug|x64.Build.0 = Debug|x64
		{0AE12CAD-8C3A-4775-B77B-60008A5FA71D}.Debug|x64.Deploy.0 = Debug|x64
		{0AE12CAD-8C3A-4775-B77B-60008A5FA71D}.Debug|x86.ActiveCfg = Debug|x86
		{0AE12CAD-8C3A-4775-B77B-60008A5FA71D}.Debug|x86.Build.0 = Debug|x86
		{0AE12CAD-8C3A-4775-B77B-60008A5FA71D}.Debug|x86.Deploy.0 = Debug|x86
		{0AE12CAD-8C3A-4775-B77B-60008A5FA71D}.Release|Any CPU.ActiveCfg = Release|x86
		{0AE12CAD-8C3A-4775-B77B-60008A5FA71D}.Release|Any CPU.Build.0 = Release|x86
		{0AE12CAD-8C3A-4775-B77B-60008A5FA71D}.Release|Any CPU.Deploy.0 = Release|x86
		{0AE12CAD-8C3A-4775-B77B-60008A5FA71D}.Release|ARM.ActiveCfg = Release|ARM
		{0AE12CAD-8C3A-4775-B77B-60008A5FA71D}.Release|ARM.Build.0 = Release|ARM
		{0AE12CAD-8C3A-4775-B77B-60008A5FA71D}.Release|ARM.Deploy.0 = Release|ARM
		{0AE12CAD-8C3A-4775-B77B-60008A5FA71D}.Release|iPhone.ActiveCfg = Release|x86
		{0AE12CAD-8C3A-4775-B77B-60008A5FA71D}.Release|iPhone.Build.0 = Release|x86
		{0AE12CAD-8C3A-4775-B77B-60008A5FA71D}.Release|iPhone.Deploy.0 = Release|x86
		{0AE12CAD-8C3A-4775-B77B-60008A5FA71D}.Release|iPhoneSimulator.ActiveCfg = Release|x86
		{0AE12CAD-8C3A-4775-B77B-60008A5FA71D}.Release|iPhoneSimulator.Build.0 = Release|x86
		{0AE12CAD-8C3A-4775-B77B-60008A5FA71D}.Release|iPhoneSimulator.Deploy.0 = Release|x86
		{0AE12CAD-8C3A-4775-B77B-60008A5FA71D}.Release|x64.ActiveCfg = Release|x64
		{0AE12CAD-8C3A-4775-B77B-60008A5FA71D}.Release|x64.Build.0 = Release|x64
		{0AE12CAD-8C3A-4775-B77B-60008A5FA71D}.Release|x64.Deploy.0 = Release|x64
		{0AE12CAD-8C3A-4775-B77B-60008A5FA71D}.Release|x86.ActiveCfg = Release|x86
		{0AE12CAD-8C3A-4775-B77B-60008A5FA71D}.Release|x86.Build.0 = Release|x86
		{0AE12CAD-8C3A-4775-B77B-60008A5FA71D}.Release|x86.Deploy.0 = Release|x86
		{D32AA02B-AE5D-4101-9EAF-493C4E730145}.Debug|Any CPU.ActiveCfg = Debug|Any CPU
		{D32AA02B-AE5D-4101-9EAF-493C4E730145}.Debug|Any CPU.Build.0 = Debug|Any CPU
		{D32AA02B-AE5D-4101-9EAF-493C4E730145}.Debug|Any CPU.Deploy.0 = Debug|Any CPU
		{D32AA02B-AE5D-4101-9EAF-493C4E730145}.Debug|ARM.ActiveCfg = Debug|Any CPU
		{D32AA02B-AE5D-4101-9EAF-493C4E730145}.Debug|ARM.Build.0 = Debug|Any CPU
		{D32AA02B-AE5D-4101-9EAF-493C4E730145}.Debug|ARM.Deploy.0 = Debug|Any CPU
		{D32AA02B-AE5D-4101-9EAF-493C4E730145}.Debug|iPhone.ActiveCfg = Debug|Any CPU
		{D32AA02B-AE5D-4101-9EAF-493C4E730145}.Debug|iPhone.Build.0 = Debug|Any CPU
		{D32AA02B-AE5D-4101-9EAF-493C4E730145}.Debug|iPhone.Deploy.0 = Debug|Any CPU
		{D32AA02B-AE5D-4101-9EAF-493C4E730145}.Debug|iPhoneSimulator.ActiveCfg = Debug|Any CPU
		{D32AA02B-AE5D-4101-9EAF-493C4E730145}.Debug|iPhoneSimulator.Build.0 = Debug|Any CPU
		{D32AA02B-AE5D-4101-9EAF-493C4E730145}.Debug|iPhoneSimulator.Deploy.0 = Debug|Any CPU
		{D32AA02B-AE5D-4101-9EAF-493C4E730145}.Debug|x64.ActiveCfg = Debug|Any CPU
		{D32AA02B-AE5D-4101-9EAF-493C4E730145}.Debug|x64.Build.0 = Debug|Any CPU
		{D32AA02B-AE5D-4101-9EAF-493C4E730145}.Debug|x64.Deploy.0 = Debug|Any CPU
		{D32AA02B-AE5D-4101-9EAF-493C4E730145}.Debug|x86.ActiveCfg = Debug|Any CPU
		{D32AA02B-AE5D-4101-9EAF-493C4E730145}.Debug|x86.Build.0 = Debug|Any CPU
		{D32AA02B-AE5D-4101-9EAF-493C4E730145}.Debug|x86.Deploy.0 = Debug|Any CPU
		{D32AA02B-AE5D-4101-9EAF-493C4E730145}.Release|Any CPU.ActiveCfg = Release|Any CPU
		{D32AA02B-AE5D-4101-9EAF-493C4E730145}.Release|Any CPU.Build.0 = Release|Any CPU
		{D32AA02B-AE5D-4101-9EAF-493C4E730145}.Release|Any CPU.Deploy.0 = Release|Any CPU
		{D32AA02B-AE5D-4101-9EAF-493C4E730145}.Release|ARM.ActiveCfg = Release|Any CPU
		{D32AA02B-AE5D-4101-9EAF-493C4E730145}.Release|ARM.Build.0 = Release|Any CPU
		{D32AA02B-AE5D-4101-9EAF-493C4E730145}.Release|ARM.Deploy.0 = Release|Any CPU
		{D32AA02B-AE5D-4101-9EAF-493C4E730145}.Release|iPhone.ActiveCfg = Release|Any CPU
		{D32AA02B-AE5D-4101-9EAF-493C4E730145}.Release|iPhone.Build.0 = Release|Any CPU
		{D32AA02B-AE5D-4101-9EAF-493C4E730145}.Release|iPhone.Deploy.0 = Release|Any CPU
		{D32AA02B-AE5D-4101-9EAF-493C4E730145}.Release|iPhoneSimulator.ActiveCfg = Release|Any CPU
		{D32AA02B-AE5D-4101-9EAF-493C4E730145}.Release|iPhoneSimulator.Build.0 = Release|Any CPU
		{D32AA02B-AE5D-4101-9EAF-493C4E730145}.Release|iPhoneSimulator.Deploy.0 = Release|Any CPU
		{D32AA02B-AE5D-4101-9EAF-493C4E730145}.Release|x64.ActiveCfg = Release|Any CPU
		{D32AA02B-AE5D-4101-9EAF-493C4E730145}.Release|x64.Build.0 = Release|Any CPU
		{D32AA02B-AE5D-4101-9EAF-493C4E730145}.Release|x64.Deploy.0 = Release|Any CPU
		{D32AA02B-AE5D-4101-9EAF-493C4E730145}.Release|x86.ActiveCfg = Release|Any CPU
		{D32AA02B-AE5D-4101-9EAF-493C4E730145}.Release|x86.Build.0 = Release|Any CPU
		{D32AA02B-AE5D-4101-9EAF-493C4E730145}.Release|x86.Deploy.0 = Release|Any CPU
		{40DC9023-FF74-45A0-BA5D-916D59C93C18}.Debug|Any CPU.ActiveCfg = Debug|iPhoneSimulator
		{40DC9023-FF74-45A0-BA5D-916D59C93C18}.Debug|Any CPU.Build.0 = Debug|iPhoneSimulator
		{40DC9023-FF74-45A0-BA5D-916D59C93C18}.Debug|Any CPU.Deploy.0 = Debug|iPhoneSimulator
		{40DC9023-FF74-45A0-BA5D-916D59C93C18}.Debug|ARM.ActiveCfg = Debug|iPhone
		{40DC9023-FF74-45A0-BA5D-916D59C93C18}.Debug|ARM.Build.0 = Debug|iPhone
		{40DC9023-FF74-45A0-BA5D-916D59C93C18}.Debug|ARM.Deploy.0 = Debug|iPhone
		{40DC9023-FF74-45A0-BA5D-916D59C93C18}.Debug|iPhone.ActiveCfg = Debug|iPhone
		{40DC9023-FF74-45A0-BA5D-916D59C93C18}.Debug|iPhone.Build.0 = Debug|iPhone
		{40DC9023-FF74-45A0-BA5D-916D59C93C18}.Debug|iPhone.Deploy.0 = Debug|iPhone
		{40DC9023-FF74-45A0-BA5D-916D59C93C18}.Debug|iPhoneSimulator.ActiveCfg = Debug|iPhoneSimulator
		{40DC9023-FF74-45A0-BA5D-916D59C93C18}.Debug|iPhoneSimulator.Build.0 = Debug|iPhoneSimulator
		{40DC9023-FF74-45A0-BA5D-916D59C93C18}.Debug|iPhoneSimulator.Deploy.0 = Debug|iPhoneSimulator
		{40DC9023-FF74-45A0-BA5D-916D59C93C18}.Debug|x64.ActiveCfg = Debug|iPhoneSimulator
		{40DC9023-FF74-45A0-BA5D-916D59C93C18}.Debug|x64.Build.0 = Debug|iPhoneSimulator
		{40DC9023-FF74-45A0-BA5D-916D59C93C18}.Debug|x64.Deploy.0 = Debug|iPhoneSimulator
		{40DC9023-FF74-45A0-BA5D-916D59C93C18}.Debug|x86.ActiveCfg = Debug|iPhoneSimulator
		{40DC9023-FF74-45A0-BA5D-916D59C93C18}.Debug|x86.Build.0 = Debug|iPhoneSimulator
		{40DC9023-FF74-45A0-BA5D-916D59C93C18}.Debug|x86.Deploy.0 = Debug|iPhoneSimulator
		{40DC9023-FF74-45A0-BA5D-916D59C93C18}.Release|Any CPU.ActiveCfg = Release|iPhoneSimulator
		{40DC9023-FF74-45A0-BA5D-916D59C93C18}.Release|Any CPU.Build.0 = Release|iPhoneSimulator
		{40DC9023-FF74-45A0-BA5D-916D59C93C18}.Release|Any CPU.Deploy.0 = Release|iPhoneSimulator
		{40DC9023-FF74-45A0-BA5D-916D59C93C18}.Release|ARM.ActiveCfg = Release|iPhoneSimulator
		{40DC9023-FF74-45A0-BA5D-916D59C93C18}.Release|ARM.Build.0 = Release|iPhoneSimulator
		{40DC9023-FF74-45A0-BA5D-916D59C93C18}.Release|ARM.Deploy.0 = Release|iPhoneSimulator
		{40DC9023-FF74-45A0-BA5D-916D59C93C18}.Release|iPhone.ActiveCfg = Release|iPhone
		{40DC9023-FF74-45A0-BA5D-916D59C93C18}.Release|iPhone.Build.0 = Release|iPhone
		{40DC9023-FF74-45A0-BA5D-916D59C93C18}.Release|iPhone.Deploy.0 = Release|iPhone
		{40DC9023-FF74-45A0-BA5D-916D59C93C18}.Release|iPhoneSimulator.ActiveCfg = Release|iPhoneSimulator
		{40DC9023-FF74-45A0-BA5D-916D59C93C18}.Release|iPhoneSimulator.Build.0 = Release|iPhoneSimulator
		{40DC9023-FF74-45A0-BA5D-916D59C93C18}.Release|iPhoneSimulator.Deploy.0 = Release|iPhoneSimulator
		{40DC9023-FF74-45A0-BA5D-916D59C93C18}.Release|x64.ActiveCfg = Release|iPhoneSimulator
		{40DC9023-FF74-45A0-BA5D-916D59C93C18}.Release|x64.Build.0 = Release|iPhoneSimulator
		{40DC9023-FF74-45A0-BA5D-916D59C93C18}.Release|x64.Deploy.0 = Release|iPhoneSimulator
		{40DC9023-FF74-45A0-BA5D-916D59C93C18}.Release|x86.ActiveCfg = Release|iPhoneSimulator
		{40DC9023-FF74-45A0-BA5D-916D59C93C18}.Release|x86.Build.0 = Release|iPhoneSimulator
		{40DC9023-FF74-45A0-BA5D-916D59C93C18}.Release|x86.Deploy.0 = Release|iPhoneSimulator
		{FB18BE6F-C71C-442E-9E2C-B540FDD4248A}.Debug|Any CPU.ActiveCfg = Debug|Any CPU
		{FB18BE6F-C71C-442E-9E2C-B540FDD4248A}.Debug|Any CPU.Build.0 = Debug|Any CPU
		{FB18BE6F-C71C-442E-9E2C-B540FDD4248A}.Debug|Any CPU.Deploy.0 = Debug|Any CPU
		{FB18BE6F-C71C-442E-9E2C-B540FDD4248A}.Debug|ARM.ActiveCfg = Debug|Any CPU
		{FB18BE6F-C71C-442E-9E2C-B540FDD4248A}.Debug|ARM.Build.0 = Debug|Any CPU
		{FB18BE6F-C71C-442E-9E2C-B540FDD4248A}.Debug|ARM.Deploy.0 = Debug|Any CPU
		{FB18BE6F-C71C-442E-9E2C-B540FDD4248A}.Debug|iPhone.ActiveCfg = Debug|Any CPU
		{FB18BE6F-C71C-442E-9E2C-B540FDD4248A}.Debug|iPhone.Build.0 = Debug|Any CPU
		{FB18BE6F-C71C-442E-9E2C-B540FDD4248A}.Debug|iPhone.Deploy.0 = Debug|Any CPU
		{FB18BE6F-C71C-442E-9E2C-B540FDD4248A}.Debug|iPhoneSimulator.ActiveCfg = Debug|Any CPU
		{FB18BE6F-C71C-442E-9E2C-B540FDD4248A}.Debug|iPhoneSimulator.Build.0 = Debug|Any CPU
		{FB18BE6F-C71C-442E-9E2C-B540FDD4248A}.Debug|iPhoneSimulator.Deploy.0 = Debug|Any CPU
		{FB18BE6F-C71C-442E-9E2C-B540FDD4248A}.Debug|x64.ActiveCfg = Debug|Any CPU
		{FB18BE6F-C71C-442E-9E2C-B540FDD4248A}.Debug|x64.Build.0 = Debug|Any CPU
		{FB18BE6F-C71C-442E-9E2C-B540FDD4248A}.Debug|x64.Deploy.0 = Debug|Any CPU
		{FB18BE6F-C71C-442E-9E2C-B540FDD4248A}.Debug|x86.ActiveCfg = Debug|Any CPU
		{FB18BE6F-C71C-442E-9E2C-B540FDD4248A}.Debug|x86.Build.0 = Debug|Any CPU
		{FB18BE6F-C71C-442E-9E2C-B540FDD4248A}.Debug|x86.Deploy.0 = Debug|Any CPU
		{FB18BE6F-C71C-442E-9E2C-B540FDD4248A}.Release|Any CPU.ActiveCfg = Release|Any CPU
		{FB18BE6F-C71C-442E-9E2C-B540FDD4248A}.Release|Any CPU.Build.0 = Release|Any CPU
		{FB18BE6F-C71C-442E-9E2C-B540FDD4248A}.Release|Any CPU.Deploy.0 = Release|Any CPU
		{FB18BE6F-C71C-442E-9E2C-B540FDD4248A}.Release|ARM.ActiveCfg = Release|Any CPU
		{FB18BE6F-C71C-442E-9E2C-B540FDD4248A}.Release|ARM.Build.0 = Release|Any CPU
		{FB18BE6F-C71C-442E-9E2C-B540FDD4248A}.Release|ARM.Deploy.0 = Release|Any CPU
		{FB18BE6F-C71C-442E-9E2C-B540FDD4248A}.Release|iPhone.ActiveCfg = Release|Any CPU
		{FB18BE6F-C71C-442E-9E2C-B540FDD4248A}.Release|iPhone.Build.0 = Release|Any CPU
		{FB18BE6F-C71C-442E-9E2C-B540FDD4248A}.Release|iPhone.Deploy.0 = Release|Any CPU
		{FB18BE6F-C71C-442E-9E2C-B540FDD4248A}.Release|iPhoneSimulator.ActiveCfg = Release|Any CPU
		{FB18BE6F-C71C-442E-9E2C-B540FDD4248A}.Release|iPhoneSimulator.Build.0 = Release|Any CPU
		{FB18BE6F-C71C-442E-9E2C-B540FDD4248A}.Release|iPhoneSimulator.Deploy.0 = Release|Any CPU
		{FB18BE6F-C71C-442E-9E2C-B540FDD4248A}.Release|x64.ActiveCfg = Release|Any CPU
		{FB18BE6F-C71C-442E-9E2C-B540FDD4248A}.Release|x64.Build.0 = Release|Any CPU
		{FB18BE6F-C71C-442E-9E2C-B540FDD4248A}.Release|x64.Deploy.0 = Release|Any CPU
		{FB18BE6F-C71C-442E-9E2C-B540FDD4248A}.Release|x86.ActiveCfg = Release|Any CPU
		{FB18BE6F-C71C-442E-9E2C-B540FDD4248A}.Release|x86.Build.0 = Release|Any CPU
		{FB18BE6F-C71C-442E-9E2C-B540FDD4248A}.Release|x86.Deploy.0 = Release|Any CPU
		{AE7C005F-40B5-4D76-A149-928AD9B08D55}.Debug|Any CPU.ActiveCfg = Debug|x86
		{AE7C005F-40B5-4D76-A149-928AD9B08D55}.Debug|ARM.ActiveCfg = Debug|ARM
		{AE7C005F-40B5-4D76-A149-928AD9B08D55}.Debug|ARM.Build.0 = Debug|ARM
		{AE7C005F-40B5-4D76-A149-928AD9B08D55}.Debug|ARM.Deploy.0 = Debug|ARM
		{AE7C005F-40B5-4D76-A149-928AD9B08D55}.Debug|iPhone.ActiveCfg = Debug|x86
		{AE7C005F-40B5-4D76-A149-928AD9B08D55}.Debug|iPhoneSimulator.ActiveCfg = Debug|x86
		{AE7C005F-40B5-4D76-A149-928AD9B08D55}.Debug|iPhoneSimulator.Build.0 = Debug|x86
		{AE7C005F-40B5-4D76-A149-928AD9B08D55}.Debug|iPhoneSimulator.Deploy.0 = Debug|x86
		{AE7C005F-40B5-4D76-A149-928AD9B08D55}.Debug|x64.ActiveCfg = Debug|x64
		{AE7C005F-40B5-4D76-A149-928AD9B08D55}.Debug|x64.Build.0 = Debug|x64
		{AE7C005F-40B5-4D76-A149-928AD9B08D55}.Debug|x64.Deploy.0 = Debug|x64
		{AE7C005F-40B5-4D76-A149-928AD9B08D55}.Debug|x86.ActiveCfg = Debug|x86
		{AE7C005F-40B5-4D76-A149-928AD9B08D55}.Debug|x86.Build.0 = Debug|x86
		{AE7C005F-40B5-4D76-A149-928AD9B08D55}.Debug|x86.Deploy.0 = Debug|x86
		{AE7C005F-40B5-4D76-A149-928AD9B08D55}.Release|Any CPU.ActiveCfg = Release|x86
		{AE7C005F-40B5-4D76-A149-928AD9B08D55}.Release|ARM.ActiveCfg = Release|ARM
		{AE7C005F-40B5-4D76-A149-928AD9B08D55}.Release|ARM.Build.0 = Release|ARM
		{AE7C005F-40B5-4D76-A149-928AD9B08D55}.Release|ARM.Deploy.0 = Release|ARM
		{AE7C005F-40B5-4D76-A149-928AD9B08D55}.Release|iPhone.ActiveCfg = Release|x86
		{AE7C005F-40B5-4D76-A149-928AD9B08D55}.Release|iPhoneSimulator.ActiveCfg = Release|x86
		{AE7C005F-40B5-4D76-A149-928AD9B08D55}.Release|x64.ActiveCfg = Release|x64
		{AE7C005F-40B5-4D76-A149-928AD9B08D55}.Release|x64.Build.0 = Release|x64
		{AE7C005F-40B5-4D76-A149-928AD9B08D55}.Release|x64.Deploy.0 = Release|x64
		{AE7C005F-40B5-4D76-A149-928AD9B08D55}.Release|x86.ActiveCfg = Release|x86
		{AE7C005F-40B5-4D76-A149-928AD9B08D55}.Release|x86.Build.0 = Release|x86
		{AE7C005F-40B5-4D76-A149-928AD9B08D55}.Release|x86.Deploy.0 = Release|x86
		{B8752A15-D13E-4422-A599-4FE9B9E57E10}.Debug|Any CPU.ActiveCfg = Debug|Any CPU
		{B8752A15-D13E-4422-A599-4FE9B9E57E10}.Debug|Any CPU.Build.0 = Debug|Any CPU
		{B8752A15-D13E-4422-A599-4FE9B9E57E10}.Debug|Any CPU.Deploy.0 = Debug|Any CPU
		{B8752A15-D13E-4422-A599-4FE9B9E57E10}.Debug|ARM.ActiveCfg = Debug|Any CPU
		{B8752A15-D13E-4422-A599-4FE9B9E57E10}.Debug|ARM.Build.0 = Debug|Any CPU
		{B8752A15-D13E-4422-A599-4FE9B9E57E10}.Debug|ARM.Deploy.0 = Debug|Any CPU
		{B8752A15-D13E-4422-A599-4FE9B9E57E10}.Debug|iPhone.ActiveCfg = Debug|Any CPU
		{B8752A15-D13E-4422-A599-4FE9B9E57E10}.Debug|iPhone.Build.0 = Debug|Any CPU
		{B8752A15-D13E-4422-A599-4FE9B9E57E10}.Debug|iPhone.Deploy.0 = Debug|Any CPU
		{B8752A15-D13E-4422-A599-4FE9B9E57E10}.Debug|iPhoneSimulator.ActiveCfg = Debug|Any CPU
		{B8752A15-D13E-4422-A599-4FE9B9E57E10}.Debug|iPhoneSimulator.Build.0 = Debug|Any CPU
		{B8752A15-D13E-4422-A599-4FE9B9E57E10}.Debug|iPhoneSimulator.Deploy.0 = Debug|Any CPU
		{B8752A15-D13E-4422-A599-4FE9B9E57E10}.Debug|x64.ActiveCfg = Debug|Any CPU
		{B8752A15-D13E-4422-A599-4FE9B9E57E10}.Debug|x64.Build.0 = Debug|Any CPU
		{B8752A15-D13E-4422-A599-4FE9B9E57E10}.Debug|x64.Deploy.0 = Debug|Any CPU
		{B8752A15-D13E-4422-A599-4FE9B9E57E10}.Debug|x86.ActiveCfg = Debug|Any CPU
		{B8752A15-D13E-4422-A599-4FE9B9E57E10}.Debug|x86.Build.0 = Debug|Any CPU
		{B8752A15-D13E-4422-A599-4FE9B9E57E10}.Debug|x86.Deploy.0 = Debug|Any CPU
		{B8752A15-D13E-4422-A599-4FE9B9E57E10}.Release|Any CPU.ActiveCfg = Release|Any CPU
		{B8752A15-D13E-4422-A599-4FE9B9E57E10}.Release|Any CPU.Build.0 = Release|Any CPU
		{B8752A15-D13E-4422-A599-4FE9B9E57E10}.Release|Any CPU.Deploy.0 = Release|Any CPU
		{B8752A15-D13E-4422-A599-4FE9B9E57E10}.Release|ARM.ActiveCfg = Release|Any CPU
		{B8752A15-D13E-4422-A599-4FE9B9E57E10}.Release|ARM.Build.0 = Release|Any CPU
		{B8752A15-D13E-4422-A599-4FE9B9E57E10}.Release|ARM.Deploy.0 = Release|Any CPU
		{B8752A15-D13E-4422-A599-4FE9B9E57E10}.Release|iPhone.ActiveCfg = Release|Any CPU
		{B8752A15-D13E-4422-A599-4FE9B9E57E10}.Release|iPhone.Build.0 = Release|Any CPU
		{B8752A15-D13E-4422-A599-4FE9B9E57E10}.Release|iPhone.Deploy.0 = Release|Any CPU
		{B8752A15-D13E-4422-A599-4FE9B9E57E10}.Release|iPhoneSimulator.ActiveCfg = Release|Any CPU
		{B8752A15-D13E-4422-A599-4FE9B9E57E10}.Release|iPhoneSimulator.Build.0 = Release|Any CPU
		{B8752A15-D13E-4422-A599-4FE9B9E57E10}.Release|iPhoneSimulator.Deploy.0 = Release|Any CPU
		{B8752A15-D13E-4422-A599-4FE9B9E57E10}.Release|x64.ActiveCfg = Release|Any CPU
		{B8752A15-D13E-4422-A599-4FE9B9E57E10}.Release|x64.Build.0 = Release|Any CPU
		{B8752A15-D13E-4422-A599-4FE9B9E57E10}.Release|x64.Deploy.0 = Release|Any CPU
		{B8752A15-D13E-4422-A599-4FE9B9E57E10}.Release|x86.ActiveCfg = Release|Any CPU
		{B8752A15-D13E-4422-A599-4FE9B9E57E10}.Release|x86.Build.0 = Release|Any CPU
		{B8752A15-D13E-4422-A599-4FE9B9E57E10}.Release|x86.Deploy.0 = Release|Any CPU
		{69511BC4-C8B9-4EE9-B21F-6D3D12E6673E}.Debug|Any CPU.ActiveCfg = Debug|iPhoneSimulator
		{69511BC4-C8B9-4EE9-B21F-6D3D12E6673E}.Debug|ARM.ActiveCfg = Debug|iPhoneSimulator
		{69511BC4-C8B9-4EE9-B21F-6D3D12E6673E}.Debug|iPhone.ActiveCfg = Debug|iPhone
		{69511BC4-C8B9-4EE9-B21F-6D3D12E6673E}.Debug|iPhone.Build.0 = Debug|iPhone
		{69511BC4-C8B9-4EE9-B21F-6D3D12E6673E}.Debug|iPhoneSimulator.ActiveCfg = Debug|iPhoneSimulator
		{69511BC4-C8B9-4EE9-B21F-6D3D12E6673E}.Debug|iPhoneSimulator.Build.0 = Debug|iPhoneSimulator
		{69511BC4-C8B9-4EE9-B21F-6D3D12E6673E}.Debug|x64.ActiveCfg = Debug|iPhoneSimulator
		{69511BC4-C8B9-4EE9-B21F-6D3D12E6673E}.Debug|x86.ActiveCfg = Debug|iPhoneSimulator
		{69511BC4-C8B9-4EE9-B21F-6D3D12E6673E}.Release|Any CPU.ActiveCfg = Release|iPhoneSimulator
		{69511BC4-C8B9-4EE9-B21F-6D3D12E6673E}.Release|ARM.ActiveCfg = Release|iPhoneSimulator
		{69511BC4-C8B9-4EE9-B21F-6D3D12E6673E}.Release|iPhone.ActiveCfg = Release|iPhone
		{69511BC4-C8B9-4EE9-B21F-6D3D12E6673E}.Release|iPhone.Build.0 = Release|iPhone
		{69511BC4-C8B9-4EE9-B21F-6D3D12E6673E}.Release|iPhoneSimulator.ActiveCfg = Release|iPhoneSimulator
		{69511BC4-C8B9-4EE9-B21F-6D3D12E6673E}.Release|iPhoneSimulator.Build.0 = Release|iPhoneSimulator
		{69511BC4-C8B9-4EE9-B21F-6D3D12E6673E}.Release|x64.ActiveCfg = Release|iPhoneSimulator
		{69511BC4-C8B9-4EE9-B21F-6D3D12E6673E}.Release|x86.ActiveCfg = Release|iPhoneSimulator
		{B170E5F1-F3CF-40B6-B709-B75ED37E1943}.Debug|Any CPU.ActiveCfg = Debug|Any CPU
		{B170E5F1-F3CF-40B6-B709-B75ED37E1943}.Debug|Any CPU.Build.0 = Debug|Any CPU
		{B170E5F1-F3CF-40B6-B709-B75ED37E1943}.Debug|ARM.ActiveCfg = Debug|Any CPU
		{B170E5F1-F3CF-40B6-B709-B75ED37E1943}.Debug|ARM.Build.0 = Debug|Any CPU
		{B170E5F1-F3CF-40B6-B709-B75ED37E1943}.Debug|iPhone.ActiveCfg = Debug|Any CPU
		{B170E5F1-F3CF-40B6-B709-B75ED37E1943}.Debug|iPhone.Build.0 = Debug|Any CPU
		{B170E5F1-F3CF-40B6-B709-B75ED37E1943}.Debug|iPhoneSimulator.ActiveCfg = Debug|Any CPU
		{B170E5F1-F3CF-40B6-B709-B75ED37E1943}.Debug|iPhoneSimulator.Build.0 = Debug|Any CPU
		{B170E5F1-F3CF-40B6-B709-B75ED37E1943}.Debug|x64.ActiveCfg = Debug|Any CPU
		{B170E5F1-F3CF-40B6-B709-B75ED37E1943}.Debug|x64.Build.0 = Debug|Any CPU
		{B170E5F1-F3CF-40B6-B709-B75ED37E1943}.Debug|x86.ActiveCfg = Debug|Any CPU
		{B170E5F1-F3CF-40B6-B709-B75ED37E1943}.Debug|x86.Build.0 = Debug|Any CPU
		{B170E5F1-F3CF-40B6-B709-B75ED37E1943}.Release|Any CPU.ActiveCfg = Release|Any CPU
		{B170E5F1-F3CF-40B6-B709-B75ED37E1943}.Release|Any CPU.Build.0 = Release|Any CPU
		{B170E5F1-F3CF-40B6-B709-B75ED37E1943}.Release|ARM.ActiveCfg = Release|Any CPU
		{B170E5F1-F3CF-40B6-B709-B75ED37E1943}.Release|ARM.Build.0 = Release|Any CPU
		{B170E5F1-F3CF-40B6-B709-B75ED37E1943}.Release|iPhone.ActiveCfg = Release|Any CPU
		{B170E5F1-F3CF-40B6-B709-B75ED37E1943}.Release|iPhone.Build.0 = Release|Any CPU
		{B170E5F1-F3CF-40B6-B709-B75ED37E1943}.Release|iPhoneSimulator.ActiveCfg = Release|Any CPU
		{B170E5F1-F3CF-40B6-B709-B75ED37E1943}.Release|iPhoneSimulator.Build.0 = Release|Any CPU
		{B170E5F1-F3CF-40B6-B709-B75ED37E1943}.Release|x64.ActiveCfg = Release|Any CPU
		{B170E5F1-F3CF-40B6-B709-B75ED37E1943}.Release|x64.Build.0 = Release|Any CPU
		{B170E5F1-F3CF-40B6-B709-B75ED37E1943}.Release|x86.ActiveCfg = Release|Any CPU
		{B170E5F1-F3CF-40B6-B709-B75ED37E1943}.Release|x86.Build.0 = Release|Any CPU
		{0C3066B8-7B8A-4CBE-A99E-71672A1F47F2}.Debug|Any CPU.ActiveCfg = Debug|x86
		{0C3066B8-7B8A-4CBE-A99E-71672A1F47F2}.Debug|Any CPU.Build.0 = Debug|x86
		{0C3066B8-7B8A-4CBE-A99E-71672A1F47F2}.Debug|Any CPU.Deploy.0 = Debug|x86
		{0C3066B8-7B8A-4CBE-A99E-71672A1F47F2}.Debug|ARM.ActiveCfg = Debug|ARM
		{0C3066B8-7B8A-4CBE-A99E-71672A1F47F2}.Debug|ARM.Build.0 = Debug|ARM
		{0C3066B8-7B8A-4CBE-A99E-71672A1F47F2}.Debug|ARM.Deploy.0 = Debug|ARM
		{0C3066B8-7B8A-4CBE-A99E-71672A1F47F2}.Debug|iPhone.ActiveCfg = Debug|x86
		{0C3066B8-7B8A-4CBE-A99E-71672A1F47F2}.Debug|iPhoneSimulator.ActiveCfg = Debug|x86
		{0C3066B8-7B8A-4CBE-A99E-71672A1F47F2}.Debug|iPhoneSimulator.Build.0 = Debug|x86
		{0C3066B8-7B8A-4CBE-A99E-71672A1F47F2}.Debug|iPhoneSimulator.Deploy.0 = Debug|x86
		{0C3066B8-7B8A-4CBE-A99E-71672A1F47F2}.Debug|x64.ActiveCfg = Debug|x64
		{0C3066B8-7B8A-4CBE-A99E-71672A1F47F2}.Debug|x64.Build.0 = Debug|x64
		{0C3066B8-7B8A-4CBE-A99E-71672A1F47F2}.Debug|x64.Deploy.0 = Debug|x64
		{0C3066B8-7B8A-4CBE-A99E-71672A1F47F2}.Debug|x86.ActiveCfg = Debug|x86
		{0C3066B8-7B8A-4CBE-A99E-71672A1F47F2}.Debug|x86.Build.0 = Debug|x86
		{0C3066B8-7B8A-4CBE-A99E-71672A1F47F2}.Debug|x86.Deploy.0 = Debug|x86
		{0C3066B8-7B8A-4CBE-A99E-71672A1F47F2}.Release|Any CPU.ActiveCfg = Release|x86
		{0C3066B8-7B8A-4CBE-A99E-71672A1F47F2}.Release|ARM.ActiveCfg = Release|ARM
		{0C3066B8-7B8A-4CBE-A99E-71672A1F47F2}.Release|ARM.Build.0 = Release|ARM
		{0C3066B8-7B8A-4CBE-A99E-71672A1F47F2}.Release|ARM.Deploy.0 = Release|ARM
		{0C3066B8-7B8A-4CBE-A99E-71672A1F47F2}.Release|iPhone.ActiveCfg = Release|x86
		{0C3066B8-7B8A-4CBE-A99E-71672A1F47F2}.Release|iPhoneSimulator.ActiveCfg = Release|x86
		{0C3066B8-7B8A-4CBE-A99E-71672A1F47F2}.Release|x64.ActiveCfg = Release|x64
		{0C3066B8-7B8A-4CBE-A99E-71672A1F47F2}.Release|x64.Build.0 = Release|x64
		{0C3066B8-7B8A-4CBE-A99E-71672A1F47F2}.Release|x64.Deploy.0 = Release|x64
		{0C3066B8-7B8A-4CBE-A99E-71672A1F47F2}.Release|x86.ActiveCfg = Release|x86
		{0C3066B8-7B8A-4CBE-A99E-71672A1F47F2}.Release|x86.Build.0 = Release|x86
		{0C3066B8-7B8A-4CBE-A99E-71672A1F47F2}.Release|x86.Deploy.0 = Release|x86
		{C8293958-C8CC-46D8-B7BD-DB0B6E9C5201}.Debug|Any CPU.ActiveCfg = Debug|Any CPU
		{C8293958-C8CC-46D8-B7BD-DB0B6E9C5201}.Debug|Any CPU.Build.0 = Debug|Any CPU
		{C8293958-C8CC-46D8-B7BD-DB0B6E9C5201}.Debug|Any CPU.Deploy.0 = Debug|Any CPU
		{C8293958-C8CC-46D8-B7BD-DB0B6E9C5201}.Debug|ARM.ActiveCfg = Debug|Any CPU
		{C8293958-C8CC-46D8-B7BD-DB0B6E9C5201}.Debug|ARM.Build.0 = Debug|Any CPU
		{C8293958-C8CC-46D8-B7BD-DB0B6E9C5201}.Debug|ARM.Deploy.0 = Debug|Any CPU
		{C8293958-C8CC-46D8-B7BD-DB0B6E9C5201}.Debug|iPhone.ActiveCfg = Debug|Any CPU
		{C8293958-C8CC-46D8-B7BD-DB0B6E9C5201}.Debug|iPhone.Build.0 = Debug|Any CPU
		{C8293958-C8CC-46D8-B7BD-DB0B6E9C5201}.Debug|iPhone.Deploy.0 = Debug|Any CPU
		{C8293958-C8CC-46D8-B7BD-DB0B6E9C5201}.Debug|iPhoneSimulator.ActiveCfg = Debug|Any CPU
		{C8293958-C8CC-46D8-B7BD-DB0B6E9C5201}.Debug|iPhoneSimulator.Build.0 = Debug|Any CPU
		{C8293958-C8CC-46D8-B7BD-DB0B6E9C5201}.Debug|iPhoneSimulator.Deploy.0 = Debug|Any CPU
		{C8293958-C8CC-46D8-B7BD-DB0B6E9C5201}.Debug|x64.ActiveCfg = Debug|Any CPU
		{C8293958-C8CC-46D8-B7BD-DB0B6E9C5201}.Debug|x64.Build.0 = Debug|Any CPU
		{C8293958-C8CC-46D8-B7BD-DB0B6E9C5201}.Debug|x64.Deploy.0 = Debug|Any CPU
		{C8293958-C8CC-46D8-B7BD-DB0B6E9C5201}.Debug|x86.ActiveCfg = Debug|Any CPU
		{C8293958-C8CC-46D8-B7BD-DB0B6E9C5201}.Debug|x86.Build.0 = Debug|Any CPU
		{C8293958-C8CC-46D8-B7BD-DB0B6E9C5201}.Debug|x86.Deploy.0 = Debug|Any CPU
		{C8293958-C8CC-46D8-B7BD-DB0B6E9C5201}.Release|Any CPU.ActiveCfg = Release|Any CPU
		{C8293958-C8CC-46D8-B7BD-DB0B6E9C5201}.Release|Any CPU.Build.0 = Release|Any CPU
		{C8293958-C8CC-46D8-B7BD-DB0B6E9C5201}.Release|Any CPU.Deploy.0 = Release|Any CPU
		{C8293958-C8CC-46D8-B7BD-DB0B6E9C5201}.Release|ARM.ActiveCfg = Release|Any CPU
		{C8293958-C8CC-46D8-B7BD-DB0B6E9C5201}.Release|ARM.Build.0 = Release|Any CPU
		{C8293958-C8CC-46D8-B7BD-DB0B6E9C5201}.Release|ARM.Deploy.0 = Release|Any CPU
		{C8293958-C8CC-46D8-B7BD-DB0B6E9C5201}.Release|iPhone.ActiveCfg = Release|Any CPU
		{C8293958-C8CC-46D8-B7BD-DB0B6E9C5201}.Release|iPhone.Build.0 = Release|Any CPU
		{C8293958-C8CC-46D8-B7BD-DB0B6E9C5201}.Release|iPhone.Deploy.0 = Release|Any CPU
		{C8293958-C8CC-46D8-B7BD-DB0B6E9C5201}.Release|iPhoneSimulator.ActiveCfg = Release|Any CPU
		{C8293958-C8CC-46D8-B7BD-DB0B6E9C5201}.Release|iPhoneSimulator.Build.0 = Release|Any CPU
		{C8293958-C8CC-46D8-B7BD-DB0B6E9C5201}.Release|iPhoneSimulator.Deploy.0 = Release|Any CPU
		{C8293958-C8CC-46D8-B7BD-DB0B6E9C5201}.Release|x64.ActiveCfg = Release|Any CPU
		{C8293958-C8CC-46D8-B7BD-DB0B6E9C5201}.Release|x64.Build.0 = Release|Any CPU
		{C8293958-C8CC-46D8-B7BD-DB0B6E9C5201}.Release|x64.Deploy.0 = Release|Any CPU
		{C8293958-C8CC-46D8-B7BD-DB0B6E9C5201}.Release|x86.ActiveCfg = Release|Any CPU
		{C8293958-C8CC-46D8-B7BD-DB0B6E9C5201}.Release|x86.Build.0 = Release|Any CPU
		{C8293958-C8CC-46D8-B7BD-DB0B6E9C5201}.Release|x86.Deploy.0 = Release|Any CPU
		{567ACA5E-6D1F-4BC8-AFDB-78123D2271BF}.Debug|Any CPU.ActiveCfg = Debug|iPhoneSimulator
		{567ACA5E-6D1F-4BC8-AFDB-78123D2271BF}.Debug|Any CPU.Build.0 = Debug|iPhoneSimulator
		{567ACA5E-6D1F-4BC8-AFDB-78123D2271BF}.Debug|ARM.ActiveCfg = Debug|iPhoneSimulator
		{567ACA5E-6D1F-4BC8-AFDB-78123D2271BF}.Debug|iPhone.ActiveCfg = Debug|iPhone
		{567ACA5E-6D1F-4BC8-AFDB-78123D2271BF}.Debug|iPhone.Build.0 = Debug|iPhone
		{567ACA5E-6D1F-4BC8-AFDB-78123D2271BF}.Debug|iPhoneSimulator.ActiveCfg = Debug|iPhoneSimulator
		{567ACA5E-6D1F-4BC8-AFDB-78123D2271BF}.Debug|iPhoneSimulator.Build.0 = Debug|iPhoneSimulator
		{567ACA5E-6D1F-4BC8-AFDB-78123D2271BF}.Debug|x64.ActiveCfg = Debug|iPhoneSimulator
		{567ACA5E-6D1F-4BC8-AFDB-78123D2271BF}.Debug|x86.ActiveCfg = Debug|iPhoneSimulator
		{567ACA5E-6D1F-4BC8-AFDB-78123D2271BF}.Release|Any CPU.ActiveCfg = Release|iPhoneSimulator
		{567ACA5E-6D1F-4BC8-AFDB-78123D2271BF}.Release|ARM.ActiveCfg = Release|iPhoneSimulator
		{567ACA5E-6D1F-4BC8-AFDB-78123D2271BF}.Release|iPhone.ActiveCfg = Release|iPhone
		{567ACA5E-6D1F-4BC8-AFDB-78123D2271BF}.Release|iPhone.Build.0 = Release|iPhone
		{567ACA5E-6D1F-4BC8-AFDB-78123D2271BF}.Release|iPhoneSimulator.ActiveCfg = Release|iPhoneSimulator
		{567ACA5E-6D1F-4BC8-AFDB-78123D2271BF}.Release|iPhoneSimulator.Build.0 = Release|iPhoneSimulator
		{567ACA5E-6D1F-4BC8-AFDB-78123D2271BF}.Release|x64.ActiveCfg = Release|iPhoneSimulator
		{567ACA5E-6D1F-4BC8-AFDB-78123D2271BF}.Release|x86.ActiveCfg = Release|iPhoneSimulator
		{17371C45-E532-49E2-9B2C-4EEA345BD6E6}.Debug|Any CPU.ActiveCfg = Debug|Any CPU
		{17371C45-E532-49E2-9B2C-4EEA345BD6E6}.Debug|Any CPU.Build.0 = Debug|Any CPU
		{17371C45-E532-49E2-9B2C-4EEA345BD6E6}.Debug|ARM.ActiveCfg = Debug|Any CPU
		{17371C45-E532-49E2-9B2C-4EEA345BD6E6}.Debug|ARM.Build.0 = Debug|Any CPU
		{17371C45-E532-49E2-9B2C-4EEA345BD6E6}.Debug|iPhone.ActiveCfg = Debug|Any CPU
		{17371C45-E532-49E2-9B2C-4EEA345BD6E6}.Debug|iPhone.Build.0 = Debug|Any CPU
		{17371C45-E532-49E2-9B2C-4EEA345BD6E6}.Debug|iPhoneSimulator.ActiveCfg = Debug|Any CPU
		{17371C45-E532-49E2-9B2C-4EEA345BD6E6}.Debug|iPhoneSimulator.Build.0 = Debug|Any CPU
		{17371C45-E532-49E2-9B2C-4EEA345BD6E6}.Debug|x64.ActiveCfg = Debug|Any CPU
		{17371C45-E532-49E2-9B2C-4EEA345BD6E6}.Debug|x64.Build.0 = Debug|Any CPU
		{17371C45-E532-49E2-9B2C-4EEA345BD6E6}.Debug|x86.ActiveCfg = Debug|Any CPU
		{17371C45-E532-49E2-9B2C-4EEA345BD6E6}.Debug|x86.Build.0 = Debug|Any CPU
		{17371C45-E532-49E2-9B2C-4EEA345BD6E6}.Release|Any CPU.ActiveCfg = Release|Any CPU
		{17371C45-E532-49E2-9B2C-4EEA345BD6E6}.Release|Any CPU.Build.0 = Release|Any CPU
		{17371C45-E532-49E2-9B2C-4EEA345BD6E6}.Release|ARM.ActiveCfg = Release|Any CPU
		{17371C45-E532-49E2-9B2C-4EEA345BD6E6}.Release|ARM.Build.0 = Release|Any CPU
		{17371C45-E532-49E2-9B2C-4EEA345BD6E6}.Release|iPhone.ActiveCfg = Release|Any CPU
		{17371C45-E532-49E2-9B2C-4EEA345BD6E6}.Release|iPhone.Build.0 = Release|Any CPU
		{17371C45-E532-49E2-9B2C-4EEA345BD6E6}.Release|iPhoneSimulator.ActiveCfg = Release|Any CPU
		{17371C45-E532-49E2-9B2C-4EEA345BD6E6}.Release|iPhoneSimulator.Build.0 = Release|Any CPU
		{17371C45-E532-49E2-9B2C-4EEA345BD6E6}.Release|x64.ActiveCfg = Release|Any CPU
		{17371C45-E532-49E2-9B2C-4EEA345BD6E6}.Release|x64.Build.0 = Release|Any CPU
		{17371C45-E532-49E2-9B2C-4EEA345BD6E6}.Release|x86.ActiveCfg = Release|Any CPU
		{17371C45-E532-49E2-9B2C-4EEA345BD6E6}.Release|x86.Build.0 = Release|Any CPU
		{FC066BFB-F1A6-4108-A78A-CF2435E741C6}.Debug|Any CPU.ActiveCfg = Debug|x86
		{FC066BFB-F1A6-4108-A78A-CF2435E741C6}.Debug|Any CPU.Build.0 = Debug|x86
		{FC066BFB-F1A6-4108-A78A-CF2435E741C6}.Debug|Any CPU.Deploy.0 = Debug|x86
		{FC066BFB-F1A6-4108-A78A-CF2435E741C6}.Debug|ARM.ActiveCfg = Debug|ARM
		{FC066BFB-F1A6-4108-A78A-CF2435E741C6}.Debug|ARM.Build.0 = Debug|ARM
		{FC066BFB-F1A6-4108-A78A-CF2435E741C6}.Debug|ARM.Deploy.0 = Debug|ARM
		{FC066BFB-F1A6-4108-A78A-CF2435E741C6}.Debug|iPhone.ActiveCfg = Debug|x86
		{FC066BFB-F1A6-4108-A78A-CF2435E741C6}.Debug|iPhoneSimulator.ActiveCfg = Debug|x86
		{FC066BFB-F1A6-4108-A78A-CF2435E741C6}.Debug|x64.ActiveCfg = Debug|x64
		{FC066BFB-F1A6-4108-A78A-CF2435E741C6}.Debug|x64.Build.0 = Debug|x64
		{FC066BFB-F1A6-4108-A78A-CF2435E741C6}.Debug|x64.Deploy.0 = Debug|x64
		{FC066BFB-F1A6-4108-A78A-CF2435E741C6}.Debug|x86.ActiveCfg = Debug|x86
		{FC066BFB-F1A6-4108-A78A-CF2435E741C6}.Debug|x86.Build.0 = Debug|x86
		{FC066BFB-F1A6-4108-A78A-CF2435E741C6}.Debug|x86.Deploy.0 = Debug|x86
		{FC066BFB-F1A6-4108-A78A-CF2435E741C6}.Release|Any CPU.ActiveCfg = Release|x86
		{FC066BFB-F1A6-4108-A78A-CF2435E741C6}.Release|ARM.ActiveCfg = Release|ARM
		{FC066BFB-F1A6-4108-A78A-CF2435E741C6}.Release|ARM.Build.0 = Release|ARM
		{FC066BFB-F1A6-4108-A78A-CF2435E741C6}.Release|ARM.Deploy.0 = Release|ARM
		{FC066BFB-F1A6-4108-A78A-CF2435E741C6}.Release|iPhone.ActiveCfg = Release|x86
		{FC066BFB-F1A6-4108-A78A-CF2435E741C6}.Release|iPhoneSimulator.ActiveCfg = Release|x86
		{FC066BFB-F1A6-4108-A78A-CF2435E741C6}.Release|x64.ActiveCfg = Release|x64
		{FC066BFB-F1A6-4108-A78A-CF2435E741C6}.Release|x64.Build.0 = Release|x64
		{FC066BFB-F1A6-4108-A78A-CF2435E741C6}.Release|x64.Deploy.0 = Release|x64
		{FC066BFB-F1A6-4108-A78A-CF2435E741C6}.Release|x86.ActiveCfg = Release|x86
		{FC066BFB-F1A6-4108-A78A-CF2435E741C6}.Release|x86.Build.0 = Release|x86
		{FC066BFB-F1A6-4108-A78A-CF2435E741C6}.Release|x86.Deploy.0 = Release|x86
		{B5F7849B-A8D4-4EAC-9F7F-D3A65C1197B0}.Debug|Any CPU.ActiveCfg = Debug|Any CPU
		{B5F7849B-A8D4-4EAC-9F7F-D3A65C1197B0}.Debug|Any CPU.Build.0 = Debug|Any CPU
		{B5F7849B-A8D4-4EAC-9F7F-D3A65C1197B0}.Debug|Any CPU.Deploy.0 = Debug|Any CPU
		{B5F7849B-A8D4-4EAC-9F7F-D3A65C1197B0}.Debug|ARM.ActiveCfg = Debug|Any CPU
		{B5F7849B-A8D4-4EAC-9F7F-D3A65C1197B0}.Debug|ARM.Build.0 = Debug|Any CPU
		{B5F7849B-A8D4-4EAC-9F7F-D3A65C1197B0}.Debug|ARM.Deploy.0 = Debug|Any CPU
		{B5F7849B-A8D4-4EAC-9F7F-D3A65C1197B0}.Debug|iPhone.ActiveCfg = Debug|Any CPU
		{B5F7849B-A8D4-4EAC-9F7F-D3A65C1197B0}.Debug|iPhone.Build.0 = Debug|Any CPU
		{B5F7849B-A8D4-4EAC-9F7F-D3A65C1197B0}.Debug|iPhone.Deploy.0 = Debug|Any CPU
		{B5F7849B-A8D4-4EAC-9F7F-D3A65C1197B0}.Debug|iPhoneSimulator.ActiveCfg = Debug|Any CPU
		{B5F7849B-A8D4-4EAC-9F7F-D3A65C1197B0}.Debug|iPhoneSimulator.Build.0 = Debug|Any CPU
		{B5F7849B-A8D4-4EAC-9F7F-D3A65C1197B0}.Debug|iPhoneSimulator.Deploy.0 = Debug|Any CPU
		{B5F7849B-A8D4-4EAC-9F7F-D3A65C1197B0}.Debug|x64.ActiveCfg = Debug|Any CPU
		{B5F7849B-A8D4-4EAC-9F7F-D3A65C1197B0}.Debug|x64.Build.0 = Debug|Any CPU
		{B5F7849B-A8D4-4EAC-9F7F-D3A65C1197B0}.Debug|x64.Deploy.0 = Debug|Any CPU
		{B5F7849B-A8D4-4EAC-9F7F-D3A65C1197B0}.Debug|x86.ActiveCfg = Debug|Any CPU
		{B5F7849B-A8D4-4EAC-9F7F-D3A65C1197B0}.Debug|x86.Build.0 = Debug|Any CPU
		{B5F7849B-A8D4-4EAC-9F7F-D3A65C1197B0}.Debug|x86.Deploy.0 = Debug|Any CPU
		{B5F7849B-A8D4-4EAC-9F7F-D3A65C1197B0}.Release|Any CPU.ActiveCfg = Release|Any CPU
		{B5F7849B-A8D4-4EAC-9F7F-D3A65C1197B0}.Release|Any CPU.Build.0 = Release|Any CPU
		{B5F7849B-A8D4-4EAC-9F7F-D3A65C1197B0}.Release|Any CPU.Deploy.0 = Release|Any CPU
		{B5F7849B-A8D4-4EAC-9F7F-D3A65C1197B0}.Release|ARM.ActiveCfg = Release|Any CPU
		{B5F7849B-A8D4-4EAC-9F7F-D3A65C1197B0}.Release|ARM.Build.0 = Release|Any CPU
		{B5F7849B-A8D4-4EAC-9F7F-D3A65C1197B0}.Release|ARM.Deploy.0 = Release|Any CPU
		{B5F7849B-A8D4-4EAC-9F7F-D3A65C1197B0}.Release|iPhone.ActiveCfg = Release|Any CPU
		{B5F7849B-A8D4-4EAC-9F7F-D3A65C1197B0}.Release|iPhone.Build.0 = Release|Any CPU
		{B5F7849B-A8D4-4EAC-9F7F-D3A65C1197B0}.Release|iPhone.Deploy.0 = Release|Any CPU
		{B5F7849B-A8D4-4EAC-9F7F-D3A65C1197B0}.Release|iPhoneSimulator.ActiveCfg = Release|Any CPU
		{B5F7849B-A8D4-4EAC-9F7F-D3A65C1197B0}.Release|iPhoneSimulator.Build.0 = Release|Any CPU
		{B5F7849B-A8D4-4EAC-9F7F-D3A65C1197B0}.Release|iPhoneSimulator.Deploy.0 = Release|Any CPU
		{B5F7849B-A8D4-4EAC-9F7F-D3A65C1197B0}.Release|x64.ActiveCfg = Release|Any CPU
		{B5F7849B-A8D4-4EAC-9F7F-D3A65C1197B0}.Release|x64.Build.0 = Release|Any CPU
		{B5F7849B-A8D4-4EAC-9F7F-D3A65C1197B0}.Release|x64.Deploy.0 = Release|Any CPU
		{B5F7849B-A8D4-4EAC-9F7F-D3A65C1197B0}.Release|x86.ActiveCfg = Release|Any CPU
		{B5F7849B-A8D4-4EAC-9F7F-D3A65C1197B0}.Release|x86.Build.0 = Release|Any CPU
		{B5F7849B-A8D4-4EAC-9F7F-D3A65C1197B0}.Release|x86.Deploy.0 = Release|Any CPU
		{DB26BAA7-D268-42CF-B5AB-A6F50D7B60B3}.Debug|Any CPU.ActiveCfg = Debug|iPhoneSimulator
		{DB26BAA7-D268-42CF-B5AB-A6F50D7B60B3}.Debug|Any CPU.Build.0 = Debug|iPhoneSimulator
		{DB26BAA7-D268-42CF-B5AB-A6F50D7B60B3}.Debug|ARM.ActiveCfg = Debug|iPhoneSimulator
		{DB26BAA7-D268-42CF-B5AB-A6F50D7B60B3}.Debug|iPhone.ActiveCfg = Debug|iPhone
		{DB26BAA7-D268-42CF-B5AB-A6F50D7B60B3}.Debug|iPhone.Build.0 = Debug|iPhone
		{DB26BAA7-D268-42CF-B5AB-A6F50D7B60B3}.Debug|iPhoneSimulator.ActiveCfg = Debug|iPhoneSimulator
		{DB26BAA7-D268-42CF-B5AB-A6F50D7B60B3}.Debug|iPhoneSimulator.Build.0 = Debug|iPhoneSimulator
		{DB26BAA7-D268-42CF-B5AB-A6F50D7B60B3}.Debug|x64.ActiveCfg = Debug|iPhoneSimulator
		{DB26BAA7-D268-42CF-B5AB-A6F50D7B60B3}.Debug|x86.ActiveCfg = Debug|iPhoneSimulator
		{DB26BAA7-D268-42CF-B5AB-A6F50D7B60B3}.Release|Any CPU.ActiveCfg = Release|iPhoneSimulator
		{DB26BAA7-D268-42CF-B5AB-A6F50D7B60B3}.Release|ARM.ActiveCfg = Release|iPhoneSimulator
		{DB26BAA7-D268-42CF-B5AB-A6F50D7B60B3}.Release|iPhone.ActiveCfg = Release|iPhone
		{DB26BAA7-D268-42CF-B5AB-A6F50D7B60B3}.Release|iPhone.Build.0 = Release|iPhone
		{DB26BAA7-D268-42CF-B5AB-A6F50D7B60B3}.Release|iPhoneSimulator.ActiveCfg = Release|iPhoneSimulator
		{DB26BAA7-D268-42CF-B5AB-A6F50D7B60B3}.Release|iPhoneSimulator.Build.0 = Release|iPhoneSimulator
		{DB26BAA7-D268-42CF-B5AB-A6F50D7B60B3}.Release|x64.ActiveCfg = Release|iPhoneSimulator
		{DB26BAA7-D268-42CF-B5AB-A6F50D7B60B3}.Release|x86.ActiveCfg = Release|iPhoneSimulator
		{564C53A1-8EAE-4071-9B7B-19F58A8ABFF8}.Debug|Any CPU.ActiveCfg = Debug|Any CPU
		{564C53A1-8EAE-4071-9B7B-19F58A8ABFF8}.Debug|Any CPU.Build.0 = Debug|Any CPU
		{564C53A1-8EAE-4071-9B7B-19F58A8ABFF8}.Debug|ARM.ActiveCfg = Debug|Any CPU
		{564C53A1-8EAE-4071-9B7B-19F58A8ABFF8}.Debug|ARM.Build.0 = Debug|Any CPU
		{564C53A1-8EAE-4071-9B7B-19F58A8ABFF8}.Debug|iPhone.ActiveCfg = Debug|Any CPU
		{564C53A1-8EAE-4071-9B7B-19F58A8ABFF8}.Debug|iPhone.Build.0 = Debug|Any CPU
		{564C53A1-8EAE-4071-9B7B-19F58A8ABFF8}.Debug|iPhoneSimulator.ActiveCfg = Debug|Any CPU
		{564C53A1-8EAE-4071-9B7B-19F58A8ABFF8}.Debug|iPhoneSimulator.Build.0 = Debug|Any CPU
		{564C53A1-8EAE-4071-9B7B-19F58A8ABFF8}.Debug|x64.ActiveCfg = Debug|Any CPU
		{564C53A1-8EAE-4071-9B7B-19F58A8ABFF8}.Debug|x64.Build.0 = Debug|Any CPU
		{564C53A1-8EAE-4071-9B7B-19F58A8ABFF8}.Debug|x86.ActiveCfg = Debug|Any CPU
		{564C53A1-8EAE-4071-9B7B-19F58A8ABFF8}.Debug|x86.Build.0 = Debug|Any CPU
		{564C53A1-8EAE-4071-9B7B-19F58A8ABFF8}.Release|Any CPU.ActiveCfg = Release|Any CPU
		{564C53A1-8EAE-4071-9B7B-19F58A8ABFF8}.Release|Any CPU.Build.0 = Release|Any CPU
		{564C53A1-8EAE-4071-9B7B-19F58A8ABFF8}.Release|ARM.ActiveCfg = Release|Any CPU
		{564C53A1-8EAE-4071-9B7B-19F58A8ABFF8}.Release|ARM.Build.0 = Release|Any CPU
		{564C53A1-8EAE-4071-9B7B-19F58A8ABFF8}.Release|iPhone.ActiveCfg = Release|Any CPU
		{564C53A1-8EAE-4071-9B7B-19F58A8ABFF8}.Release|iPhone.Build.0 = Release|Any CPU
		{564C53A1-8EAE-4071-9B7B-19F58A8ABFF8}.Release|iPhoneSimulator.ActiveCfg = Release|Any CPU
		{564C53A1-8EAE-4071-9B7B-19F58A8ABFF8}.Release|iPhoneSimulator.Build.0 = Release|Any CPU
		{564C53A1-8EAE-4071-9B7B-19F58A8ABFF8}.Release|x64.ActiveCfg = Release|Any CPU
		{564C53A1-8EAE-4071-9B7B-19F58A8ABFF8}.Release|x64.Build.0 = Release|Any CPU
		{564C53A1-8EAE-4071-9B7B-19F58A8ABFF8}.Release|x86.ActiveCfg = Release|Any CPU
		{564C53A1-8EAE-4071-9B7B-19F58A8ABFF8}.Release|x86.Build.0 = Release|Any CPU
	EndGlobalSection
	GlobalSection(SolutionProperties) = preSolution
		HideSolutionNode = FALSE
	EndGlobalSection
	GlobalSection(NestedProjects) = preSolution
		{0AE12CAD-8C3A-4775-B77B-60008A5FA71D} = {A2F33E7B-EF76-41C1-A4F5-B9465144487C}
		{D32AA02B-AE5D-4101-9EAF-493C4E730145} = {A2F33E7B-EF76-41C1-A4F5-B9465144487C}
		{40DC9023-FF74-45A0-BA5D-916D59C93C18} = {A2F33E7B-EF76-41C1-A4F5-B9465144487C}
		{FB18BE6F-C71C-442E-9E2C-B540FDD4248A} = {A2F33E7B-EF76-41C1-A4F5-B9465144487C}
		{AE7C005F-40B5-4D76-A149-928AD9B08D55} = {825C0DED-54C5-4C21-B4D9-674495BE576A}
		{B8752A15-D13E-4422-A599-4FE9B9E57E10} = {825C0DED-54C5-4C21-B4D9-674495BE576A}
		{69511BC4-C8B9-4EE9-B21F-6D3D12E6673E} = {825C0DED-54C5-4C21-B4D9-674495BE576A}
		{B170E5F1-F3CF-40B6-B709-B75ED37E1943} = {825C0DED-54C5-4C21-B4D9-674495BE576A}
		{0C3066B8-7B8A-4CBE-A99E-71672A1F47F2} = {071BB4AA-1C3F-4691-B801-1C01EEE9C3C9}
		{C8293958-C8CC-46D8-B7BD-DB0B6E9C5201} = {071BB4AA-1C3F-4691-B801-1C01EEE9C3C9}
		{567ACA5E-6D1F-4BC8-AFDB-78123D2271BF} = {071BB4AA-1C3F-4691-B801-1C01EEE9C3C9}
		{17371C45-E532-49E2-9B2C-4EEA345BD6E6} = {071BB4AA-1C3F-4691-B801-1C01EEE9C3C9}
		{FC066BFB-F1A6-4108-A78A-CF2435E741C6} = {7968CE05-03D5-40F2-B43F-7B8E39C2457C}
		{B5F7849B-A8D4-4EAC-9F7F-D3A65C1197B0} = {7968CE05-03D5-40F2-B43F-7B8E39C2457C}
		{DB26BAA7-D268-42CF-B5AB-A6F50D7B60B3} = {7968CE05-03D5-40F2-B43F-7B8E39C2457C}
		{564C53A1-8EAE-4071-9B7B-19F58A8ABFF8} = {7968CE05-03D5-40F2-B43F-7B8E39C2457C}
	EndGlobalSection
	GlobalSection(ExtensibilityGlobals) = postSolution
		SolutionGuid = {B9C29920-0537-4D81-B434-4AD9854CFF9F}
	EndGlobalSection
EndGlobal
